
Microsoft Visual Studio Solution File, Format Version 12.00
# Visual Studio 15
VisualStudioVersion = 15.0.27703.2042
MinimumVisualStudioVersion = 10.0.40219.1
Project("{8BC9CEB8-8B4A-11D0-8D11-00A0C91BC942}") = "Pongers", "Pongers\Pongers.vcxproj", "{CF74D255-41B1-4A30-82D5-726EF605C55A}"
EndProject
Global
	GlobalSection(SolutionConfigurationPlatforms) = preSolution
		Debug|x64 = Debug|x64
		Debug|x86 = Debug|x86
		Release|x64 = Release|x64
		Release|x86 = Release|x86
	EndGlobalSection
	GlobalSection(ProjectConfigurationPlatforms) = postSolution
		{CF74D255-41B1-4A30-82D5-726EF605C55A}.Debug|x64.ActiveCfg = Debug|x64
		{CF74D255-41B1-4A30-82D5-726EF605C55A}.Debug|x64.Build.0 = Debug|x64
		{CF74D255-41B1-4A30-82D5-726EF605C55A}.Debug|x86.ActiveCfg = Debug|Win32
		{CF74D255-41B1-4A30-82D5-726EF605C55A}.Debug|x86.Build.0 = Debug|Win32
		{CF74D255-41B1-4A30-82D5-726EF605C55A}.Release|x64.ActiveCfg = Release|x64
		{CF74D255-41B1-4A30-82D5-726EF605C55A}.Release|x64.Build.0 = Release|x64
		{CF74D255-41B1-4A30-82D5-726EF605C55A}.Release|x86.ActiveCfg = Release|Win32
		{CF74D255-41B1-4A30-82D5-726EF605C55A}.Release|x86.Build.0 = Release|Win32
	EndGlobalSection
	GlobalSection(SolutionProperties) = preSolution
		HideSolutionNode = FALSE
	EndGlobalSection
	GlobalSection(ExtensibilityGlobals) = postSolution
		SolutionGuid = {ED6ACA44-94E0-4381-B99F-CF35EAC6F3D2}
	EndGlobalSection
EndGlobal
